
Microsoft Visual Studio Solution File, Format Version 12.00
# Visual Studio Version 16
VisualStudioVersion = 25.0.1706.14
MinimumVisualStudioVersion = 10.0.40219.1
Project("{FAE04EC0-301F-11D3-BF4B-00C04F79EFBC}") = "InterviewTasks", "InterviewTasks\InterviewTasks.csproj", "{20C6225D-00CB-4F2C-9085-4A50807CDEA3}"
EndProject
Project("{FAE04EC0-301F-11D3-BF4B-00C04F79EFBC}") = "InterviewTasks.Core", "InterviewTasks.Core\InterviewTasks.Core.csproj", "{7D1F50AD-6C8B-49C1-956C-72E4772F765E}"
EndProject
Project("{FAE04EC0-301F-11D3-BF4B-00C04F79EFBC}") = "InterviewTasks.DataAccess", "InterviewTasks.DataAccess\InterviewTasks.DataAccess.csproj", "{29161229-A3F8-4475-B267-6AE9AC03BDDD}"
EndProject
Project("{FAE04EC0-301F-11D3-BF4B-00C04F79EFBC}") = "InterviewTasks.Application", "InterviewTasks.Application\InterviewTasks.Application.csproj", "{5EE7F180-10F1-4704-9619-95B952FF0E81}"
EndProject
Global
	GlobalSection(SolutionConfigurationPlatforms) = preSolution
		Debug|Any CPU = Debug|Any CPU
		Release|Any CPU = Release|Any CPU
	EndGlobalSection
	GlobalSection(ProjectConfigurationPlatforms) = postSolution
		{20C6225D-00CB-4F2C-9085-4A50807CDEA3}.Debug|Any CPU.ActiveCfg = Debug|Any CPU
		{20C6225D-00CB-4F2C-9085-4A50807CDEA3}.Debug|Any CPU.Build.0 = Debug|Any CPU
		{20C6225D-00CB-4F2C-9085-4A50807CDEA3}.Release|Any CPU.ActiveCfg = Release|Any CPU
		{20C6225D-00CB-4F2C-9085-4A50807CDEA3}.Release|Any CPU.Build.0 = Release|Any CPU
		{7D1F50AD-6C8B-49C1-956C-72E4772F765E}.Debug|Any CPU.ActiveCfg = Debug|Any CPU
		{7D1F50AD-6C8B-49C1-956C-72E4772F765E}.Debug|Any CPU.Build.0 = Debug|Any CPU
		{7D1F50AD-6C8B-49C1-956C-72E4772F765E}.Release|Any CPU.ActiveCfg = Release|Any CPU
		{7D1F50AD-6C8B-49C1-956C-72E4772F765E}.Release|Any CPU.Build.0 = Release|Any CPU
		{29161229-A3F8-4475-B267-6AE9AC03BDDD}.Debug|Any CPU.ActiveCfg = Debug|Any CPU
		{29161229-A3F8-4475-B267-6AE9AC03BDDD}.Debug|Any CPU.Build.0 = Debug|Any CPU
		{29161229-A3F8-4475-B267-6AE9AC03BDDD}.Release|Any CPU.ActiveCfg = Release|Any CPU
		{29161229-A3F8-4475-B267-6AE9AC03BDDD}.Release|Any CPU.Build.0 = Release|Any CPU
		{5EE7F180-10F1-4704-9619-95B952FF0E81}.Debug|Any CPU.ActiveCfg = Debug|Any CPU
		{5EE7F180-10F1-4704-9619-95B952FF0E81}.Debug|Any CPU.Build.0 = Debug|Any CPU
		{5EE7F180-10F1-4704-9619-95B952FF0E81}.Release|Any CPU.ActiveCfg = Release|Any CPU
		{5EE7F180-10F1-4704-9619-95B952FF0E81}.Release|Any CPU.Build.0 = Release|Any CPU
	EndGlobalSection
	GlobalSection(SolutionProperties) = preSolution
		HideSolutionNode = FALSE
	EndGlobalSection
	GlobalSection(ExtensibilityGlobals) = postSolution
		SolutionGuid = {936E2AAA-B927-4E3D-BF6D-24A4E7BF07E6}
	EndGlobalSection
EndGlobal
